
Microsoft Visual Studio Solution File, Format Version 12.00
# Visual Studio 15
VisualStudioVersion = 15.0.28307.572
MinimumVisualStudioVersion = 10.0.40219.1
Project("{FAE04EC0-301F-11D3-BF4B-00C04F79EFBC}") = "TravelProject", "TravelProject\TravelProject.csproj", "{C7319385-2A94-4E49-8A8C-B203DFC8CDD7}"
EndProject
Global
	GlobalSection(SolutionConfigurationPlatforms) = preSolution
		Debug|Any CPU = Debug|Any CPU
		Release|Any CPU = Release|Any CPU
	EndGlobalSection
	GlobalSection(ProjectConfigurationPlatforms) = postSolution
		{C7319385-2A94-4E49-8A8C-B203DFC8CDD7}.Debug|Any CPU.ActiveCfg = Debug|Any CPU
		{C7319385-2A94-4E49-8A8C-B203DFC8CDD7}.Debug|Any CPU.Build.0 = Debug|Any CPU
		{C7319385-2A94-4E49-8A8C-B203DFC8CDD7}.Release|Any CPU.ActiveCfg = Release|Any CPU
		{C7319385-2A94-4E49-8A8C-B203DFC8CDD7}.Release|Any CPU.Build.0 = Release|Any CPU
	EndGlobalSection
	GlobalSection(SolutionProperties) = preSolution
		HideSolutionNode = FALSE
	EndGlobalSection
	GlobalSection(ExtensibilityGlobals) = postSolution
		SolutionGuid = {3C911262-EFF8-4717-A7D5-ECCADEC9EF5F}
	EndGlobalSection
EndGlobal
