
Microsoft Visual Studio Solution File, Format Version 12.00
# Visual Studio 15
VisualStudioVersion = 15.0.28010.2026
MinimumVisualStudioVersion = 10.0.40219.1
Project("{FAE04EC0-301F-11D3-BF4B-00C04F79EFBC}") = "ExempleOfInterface", "Interface\ExempleOfInterface.csproj", "{1A123F56-879F-4123-9FD1-7B39996E0166}"
EndProject
Project("{FAE04EC0-301F-11D3-BF4B-00C04F79EFBC}") = "InterfaceDescription", "InterfaceDescription\InterfaceDescription.csproj", "{6B6A16D7-F819-49C9-B7F0-38EA4B5952AB}"
EndProject
Project("{FAE04EC0-301F-11D3-BF4B-00C04F79EFBC}") = "InterfaceImplementation", "InterfaceImplementation\InterfaceImplementation.csproj", "{04D1EA55-BF0B-41FF-9554-55301BF40A8B}"
EndProject
Global
	GlobalSection(SolutionConfigurationPlatforms) = preSolution
		Debug|Any CPU = Debug|Any CPU
		Release|Any CPU = Release|Any CPU
	EndGlobalSection
	GlobalSection(ProjectConfigurationPlatforms) = postSolution
		{1A123F56-879F-4123-9FD1-7B39996E0166}.Debug|Any CPU.ActiveCfg = Debug|Any CPU
		{1A123F56-879F-4123-9FD1-7B39996E0166}.Debug|Any CPU.Build.0 = Debug|Any CPU
		{1A123F56-879F-4123-9FD1-7B39996E0166}.Release|Any CPU.ActiveCfg = Release|Any CPU
		{1A123F56-879F-4123-9FD1-7B39996E0166}.Release|Any CPU.Build.0 = Release|Any CPU
		{6B6A16D7-F819-49C9-B7F0-38EA4B5952AB}.Debug|Any CPU.ActiveCfg = Debug|Any CPU
		{6B6A16D7-F819-49C9-B7F0-38EA4B5952AB}.Debug|Any CPU.Build.0 = Debug|Any CPU
		{6B6A16D7-F819-49C9-B7F0-38EA4B5952AB}.Release|Any CPU.ActiveCfg = Release|Any CPU
		{6B6A16D7-F819-49C9-B7F0-38EA4B5952AB}.Release|Any CPU.Build.0 = Release|Any CPU
		{04D1EA55-BF0B-41FF-9554-55301BF40A8B}.Debug|Any CPU.ActiveCfg = Debug|Any CPU
		{04D1EA55-BF0B-41FF-9554-55301BF40A8B}.Debug|Any CPU.Build.0 = Debug|Any CPU
		{04D1EA55-BF0B-41FF-9554-55301BF40A8B}.Release|Any CPU.ActiveCfg = Release|Any CPU
		{04D1EA55-BF0B-41FF-9554-55301BF40A8B}.Release|Any CPU.Build.0 = Release|Any CPU
	EndGlobalSection
	GlobalSection(SolutionProperties) = preSolution
		HideSolutionNode = FALSE
	EndGlobalSection
	GlobalSection(ExtensibilityGlobals) = postSolution
		SolutionGuid = {91AB89B1-D03F-4FFC-A427-AEBAA0C38493}
	EndGlobalSection
EndGlobal
