
Microsoft Visual Studio Solution File, Format Version 12.00
# Visual Studio 15
VisualStudioVersion = 15.0.28307.572
MinimumVisualStudioVersion = 10.0.40219.1
Project("{FAE04EC0-301F-11D3-BF4B-00C04F79EFBC}") = "InterfaceImplementation", "Interfaces_Practise\InterfaceImplementation.csproj", "{DDA456DE-BADF-4B36-91D4-581EEE9DA4DD}"
EndProject
Project("{FAE04EC0-301F-11D3-BF4B-00C04F79EFBC}") = "Interface", "Realisation\Interface.csproj", "{48662C55-9481-41E0-B725-DD5933B2021A}"
EndProject
Project("{FAE04EC0-301F-11D3-BF4B-00C04F79EFBC}") = "ProgramBuilding", "ProgramDuilding\ProgramBuilding.csproj", "{139FBCA7-720C-4AC6-B4EE-2FEE6A0856D9}"
EndProject
Global
	GlobalSection(SolutionConfigurationPlatforms) = preSolution
		Debug|Any CPU = Debug|Any CPU
		Release|Any CPU = Release|Any CPU
	EndGlobalSection
	GlobalSection(ProjectConfigurationPlatforms) = postSolution
		{DDA456DE-BADF-4B36-91D4-581EEE9DA4DD}.Debug|Any CPU.ActiveCfg = Debug|Any CPU
		{DDA456DE-BADF-4B36-91D4-581EEE9DA4DD}.Debug|Any CPU.Build.0 = Debug|Any CPU
		{DDA456DE-BADF-4B36-91D4-581EEE9DA4DD}.Release|Any CPU.ActiveCfg = Release|Any CPU
		{DDA456DE-BADF-4B36-91D4-581EEE9DA4DD}.Release|Any CPU.Build.0 = Release|Any CPU
		{48662C55-9481-41E0-B725-DD5933B2021A}.Debug|Any CPU.ActiveCfg = Debug|Any CPU
		{48662C55-9481-41E0-B725-DD5933B2021A}.Debug|Any CPU.Build.0 = Debug|Any CPU
		{48662C55-9481-41E0-B725-DD5933B2021A}.Release|Any CPU.ActiveCfg = Release|Any CPU
		{48662C55-9481-41E0-B725-DD5933B2021A}.Release|Any CPU.Build.0 = Release|Any CPU
		{139FBCA7-720C-4AC6-B4EE-2FEE6A0856D9}.Debug|Any CPU.ActiveCfg = Debug|Any CPU
		{139FBCA7-720C-4AC6-B4EE-2FEE6A0856D9}.Debug|Any CPU.Build.0 = Debug|Any CPU
		{139FBCA7-720C-4AC6-B4EE-2FEE6A0856D9}.Release|Any CPU.ActiveCfg = Release|Any CPU
		{139FBCA7-720C-4AC6-B4EE-2FEE6A0856D9}.Release|Any CPU.Build.0 = Release|Any CPU
	EndGlobalSection
	GlobalSection(SolutionProperties) = preSolution
		HideSolutionNode = FALSE
	EndGlobalSection
	GlobalSection(ExtensibilityGlobals) = postSolution
		SolutionGuid = {9A3582D5-6E3C-4CA3-B07D-FB6FF8A2EEE7}
	EndGlobalSection
EndGlobal
