
Microsoft Visual Studio Solution File, Format Version 12.00
# Visual Studio 15
VisualStudioVersion = 15.0.28307.329
MinimumVisualStudioVersion = 10.0.40219.1
Project("{9A19103F-16F7-4668-BE54-9A1E7A4F7556}") = "A+B", "A+B\A+B.csproj", "{FE1F90CE-54C2-4F0D-A660-044F821BCF74}"
EndProject
Project("{9A19103F-16F7-4668-BE54-9A1E7A4F7556}") = "ABC", "ABC\ABC.csproj", "{C5070550-BC8E-45E5-871E-337856FFDB31}"
EndProject
Project("{9A19103F-16F7-4668-BE54-9A1E7A4F7556}") = "CylinderVolume", "CylinderVolume\CylinderVolume.csproj", "{81DB2176-1DBC-44C1-A0BD-9D7381C007DA}"
EndProject
Project("{9A19103F-16F7-4668-BE54-9A1E7A4F7556}") = "Factorial", "Factorial\Factorial.csproj", "{06F6164E-A9D4-492D-9F41-13D337651284}"
EndProject
Project("{9A19103F-16F7-4668-BE54-9A1E7A4F7556}") = "Fibonachi", "Fibonachi\Fibonachi.csproj", "{5AA60CA0-A9AB-4DE6-AB46-96B9FB43D302}"
EndProject
Project("{9A19103F-16F7-4668-BE54-9A1E7A4F7556}") = "LengthOfTheStringByNumbers", "LengthOfTheStringByNumbers\LengthOfTheStringByNumbers.csproj", "{DE1C6CD7-9C9F-44BE-AF7F-E74BB11DD30D}"
EndProject
Project("{9A19103F-16F7-4668-BE54-9A1E7A4F7556}") = "Person", "Person\Person.csproj", "{B5C5EBB5-9E7E-4A56-8555-A7C7E3014B6B}"
EndProject
Project("{9A19103F-16F7-4668-BE54-9A1E7A4F7556}") = "Person_Info", "Person_Info\Person_Info.csproj", "{15CD7376-EDE9-4991-841B-B81F04CFB9A5}"
EndProject
Project("{9A19103F-16F7-4668-BE54-9A1E7A4F7556}") = "Fibonacci_v1", "Fibonacci_Recursion\Fibonacci_v1.csproj", "{BE7CD622-48C7-46C6-8ED3-DB78C53663C8}"
EndProject
Project("{FAE04EC0-301F-11D3-BF4B-00C04F79EFBC}") = "Calculating_1", "Calculating_1\Calculating_1.csproj", "{28442A7C-A756-43DC-BAB6-F7B6BF4817E1}"
EndProject
Project("{FAE04EC0-301F-11D3-BF4B-00C04F79EFBC}") = "Calculating_2", "Calculating_2\Calculating_2.csproj", "{18A25FEE-2277-4011-81F3-BDEC0E7A236A}"
EndProject
Project("{FAE04EC0-301F-11D3-BF4B-00C04F79EFBC}") = "Fibonacci_Recursion", "Fibonacci_Recursion_1\Fibonacci_Recursion.csproj", "{3D973B5C-BCC2-4A6C-BAF3-60EA819FBE60}"
EndProject
Global
	GlobalSection(SolutionConfigurationPlatforms) = preSolution
		Debug|Any CPU = Debug|Any CPU
		Release|Any CPU = Release|Any CPU
	EndGlobalSection
	GlobalSection(ProjectConfigurationPlatforms) = postSolution
		{FE1F90CE-54C2-4F0D-A660-044F821BCF74}.Debug|Any CPU.ActiveCfg = Debug|Any CPU
		{FE1F90CE-54C2-4F0D-A660-044F821BCF74}.Debug|Any CPU.Build.0 = Debug|Any CPU
		{FE1F90CE-54C2-4F0D-A660-044F821BCF74}.Release|Any CPU.ActiveCfg = Release|Any CPU
		{FE1F90CE-54C2-4F0D-A660-044F821BCF74}.Release|Any CPU.Build.0 = Release|Any CPU
		{C5070550-BC8E-45E5-871E-337856FFDB31}.Debug|Any CPU.ActiveCfg = Debug|Any CPU
		{C5070550-BC8E-45E5-871E-337856FFDB31}.Debug|Any CPU.Build.0 = Debug|Any CPU
		{C5070550-BC8E-45E5-871E-337856FFDB31}.Release|Any CPU.ActiveCfg = Release|Any CPU
		{C5070550-BC8E-45E5-871E-337856FFDB31}.Release|Any CPU.Build.0 = Release|Any CPU
		{81DB2176-1DBC-44C1-A0BD-9D7381C007DA}.Debug|Any CPU.ActiveCfg = Debug|Any CPU
		{81DB2176-1DBC-44C1-A0BD-9D7381C007DA}.Debug|Any CPU.Build.0 = Debug|Any CPU
		{81DB2176-1DBC-44C1-A0BD-9D7381C007DA}.Release|Any CPU.ActiveCfg = Release|Any CPU
		{81DB2176-1DBC-44C1-A0BD-9D7381C007DA}.Release|Any CPU.Build.0 = Release|Any CPU
		{06F6164E-A9D4-492D-9F41-13D337651284}.Debug|Any CPU.ActiveCfg = Debug|Any CPU
		{06F6164E-A9D4-492D-9F41-13D337651284}.Debug|Any CPU.Build.0 = Debug|Any CPU
		{06F6164E-A9D4-492D-9F41-13D337651284}.Release|Any CPU.ActiveCfg = Release|Any CPU
		{06F6164E-A9D4-492D-9F41-13D337651284}.Release|Any CPU.Build.0 = Release|Any CPU
		{5AA60CA0-A9AB-4DE6-AB46-96B9FB43D302}.Debug|Any CPU.ActiveCfg = Debug|Any CPU
		{5AA60CA0-A9AB-4DE6-AB46-96B9FB43D302}.Debug|Any CPU.Build.0 = Debug|Any CPU
		{5AA60CA0-A9AB-4DE6-AB46-96B9FB43D302}.Release|Any CPU.ActiveCfg = Release|Any CPU
		{5AA60CA0-A9AB-4DE6-AB46-96B9FB43D302}.Release|Any CPU.Build.0 = Release|Any CPU
		{DE1C6CD7-9C9F-44BE-AF7F-E74BB11DD30D}.Debug|Any CPU.ActiveCfg = Debug|Any CPU
		{DE1C6CD7-9C9F-44BE-AF7F-E74BB11DD30D}.Debug|Any CPU.Build.0 = Debug|Any CPU
		{DE1C6CD7-9C9F-44BE-AF7F-E74BB11DD30D}.Release|Any CPU.ActiveCfg = Release|Any CPU
		{DE1C6CD7-9C9F-44BE-AF7F-E74BB11DD30D}.Release|Any CPU.Build.0 = Release|Any CPU
		{B5C5EBB5-9E7E-4A56-8555-A7C7E3014B6B}.Debug|Any CPU.ActiveCfg = Debug|Any CPU
		{B5C5EBB5-9E7E-4A56-8555-A7C7E3014B6B}.Debug|Any CPU.Build.0 = Debug|Any CPU
		{B5C5EBB5-9E7E-4A56-8555-A7C7E3014B6B}.Release|Any CPU.ActiveCfg = Release|Any CPU
		{B5C5EBB5-9E7E-4A56-8555-A7C7E3014B6B}.Release|Any CPU.Build.0 = Release|Any CPU
		{15CD7376-EDE9-4991-841B-B81F04CFB9A5}.Debug|Any CPU.ActiveCfg = Debug|Any CPU
		{15CD7376-EDE9-4991-841B-B81F04CFB9A5}.Debug|Any CPU.Build.0 = Debug|Any CPU
		{15CD7376-EDE9-4991-841B-B81F04CFB9A5}.Release|Any CPU.ActiveCfg = Release|Any CPU
		{15CD7376-EDE9-4991-841B-B81F04CFB9A5}.Release|Any CPU.Build.0 = Release|Any CPU
		{BE7CD622-48C7-46C6-8ED3-DB78C53663C8}.Debug|Any CPU.ActiveCfg = Debug|Any CPU
		{BE7CD622-48C7-46C6-8ED3-DB78C53663C8}.Debug|Any CPU.Build.0 = Debug|Any CPU
		{BE7CD622-48C7-46C6-8ED3-DB78C53663C8}.Release|Any CPU.ActiveCfg = Release|Any CPU
		{BE7CD622-48C7-46C6-8ED3-DB78C53663C8}.Release|Any CPU.Build.0 = Release|Any CPU
		{28442A7C-A756-43DC-BAB6-F7B6BF4817E1}.Debug|Any CPU.ActiveCfg = Debug|Any CPU
		{28442A7C-A756-43DC-BAB6-F7B6BF4817E1}.Debug|Any CPU.Build.0 = Debug|Any CPU
		{28442A7C-A756-43DC-BAB6-F7B6BF4817E1}.Release|Any CPU.ActiveCfg = Release|Any CPU
		{28442A7C-A756-43DC-BAB6-F7B6BF4817E1}.Release|Any CPU.Build.0 = Release|Any CPU
		{18A25FEE-2277-4011-81F3-BDEC0E7A236A}.Debug|Any CPU.ActiveCfg = Debug|Any CPU
		{18A25FEE-2277-4011-81F3-BDEC0E7A236A}.Debug|Any CPU.Build.0 = Debug|Any CPU
		{18A25FEE-2277-4011-81F3-BDEC0E7A236A}.Release|Any CPU.ActiveCfg = Release|Any CPU
		{18A25FEE-2277-4011-81F3-BDEC0E7A236A}.Release|Any CPU.Build.0 = Release|Any CPU
		{3D973B5C-BCC2-4A6C-BAF3-60EA819FBE60}.Debug|Any CPU.ActiveCfg = Debug|Any CPU
		{3D973B5C-BCC2-4A6C-BAF3-60EA819FBE60}.Debug|Any CPU.Build.0 = Debug|Any CPU
		{3D973B5C-BCC2-4A6C-BAF3-60EA819FBE60}.Release|Any CPU.ActiveCfg = Release|Any CPU
		{3D973B5C-BCC2-4A6C-BAF3-60EA819FBE60}.Release|Any CPU.Build.0 = Release|Any CPU
	EndGlobalSection
	GlobalSection(SolutionProperties) = preSolution
		HideSolutionNode = FALSE
	EndGlobalSection
	GlobalSection(ExtensibilityGlobals) = postSolution
		SolutionGuid = {8689FA32-80E4-40FD-B1AA-7EBF817528A1}
	EndGlobalSection
EndGlobal
